
Microsoft Visual Studio Solution File, Format Version 12.00
# Visual Studio Version 16
VisualStudioVersion = 16.0.30611.23
MinimumVisualStudioVersion = 10.0.40219.1
Project("{9A19103F-16F7-4668-BE54-9A1E7A4F7556}") = "BookLibrary", "BookLibrary\BookLibrary.csproj", "{9B1A33C3-9368-4227-9172-ED769256552D}"
EndProject
Project("{FAE04EC0-301F-11D3-BF4B-00C04F79EFBC}") = "BookLibraryUnitTest", "BookLibraryUnitTest\BookLibraryUnitTest.csproj", "{4D786F1B-1809-44C3-B300-87910D78B1B0}"
EndProject
Global
	GlobalSection(SolutionConfigurationPlatforms) = preSolution
		Debug|Any CPU = Debug|Any CPU
		Release|Any CPU = Release|Any CPU
	EndGlobalSection
	GlobalSection(ProjectConfigurationPlatforms) = postSolution
		{9B1A33C3-9368-4227-9172-ED769256552D}.Debug|Any CPU.ActiveCfg = Debug|Any CPU
		{9B1A33C3-9368-4227-9172-ED769256552D}.Debug|Any CPU.Build.0 = Debug|Any CPU
		{9B1A33C3-9368-4227-9172-ED769256552D}.Release|Any CPU.ActiveCfg = Release|Any CPU
		{9B1A33C3-9368-4227-9172-ED769256552D}.Release|Any CPU.Build.0 = Release|Any CPU
		{4D786F1B-1809-44C3-B300-87910D78B1B0}.Debug|Any CPU.ActiveCfg = Debug|Any CPU
		{4D786F1B-1809-44C3-B300-87910D78B1B0}.Debug|Any CPU.Build.0 = Debug|Any CPU
		{4D786F1B-1809-44C3-B300-87910D78B1B0}.Release|Any CPU.ActiveCfg = Release|Any CPU
		{4D786F1B-1809-44C3-B300-87910D78B1B0}.Release|Any CPU.Build.0 = Release|Any CPU
	EndGlobalSection
	GlobalSection(SolutionProperties) = preSolution
		HideSolutionNode = FALSE
	EndGlobalSection
	GlobalSection(ExtensibilityGlobals) = postSolution
		SolutionGuid = {2DEFBA7C-0EA7-4782-8E3A-F0A5209B19BB}
	EndGlobalSection
EndGlobal
